
Microsoft Visual Studio Solution File, Format Version 12.00
# Visual Studio 2012
Project("{FAE04EC0-301F-11D3-BF4B-00C04F79EFBC}") = "CatScan", "CatScan\CatScan.csproj", "{5EAE342A-6D59-4946-801E-9AFC81A4FE35}"
EndProject
Global
	GlobalSection(SolutionConfigurationPlatforms) = preSolution
		Debug|iPhoneSimulator = Debug|iPhoneSimulator
		Release|iPhone = Release|iPhone
		Release|iPhoneSimulator = Release|iPhoneSimulator
		Debug|iPhone = Debug|iPhone
	EndGlobalSection
	GlobalSection(ProjectConfigurationPlatforms) = postSolution
		{5EAE342A-6D59-4946-801E-9AFC81A4FE35}.Debug|iPhoneSimulator.ActiveCfg = Debug|iPhoneSimulator
		{5EAE342A-6D59-4946-801E-9AFC81A4FE35}.Debug|iPhoneSimulator.Build.0 = Debug|iPhoneSimulator
		{5EAE342A-6D59-4946-801E-9AFC81A4FE35}.Release|iPhone.ActiveCfg = Release|iPhone
		{5EAE342A-6D59-4946-801E-9AFC81A4FE35}.Release|iPhone.Build.0 = Release|iPhone
		{5EAE342A-6D59-4946-801E-9AFC81A4FE35}.Release|iPhoneSimulator.ActiveCfg = Release|iPhoneSimulator
		{5EAE342A-6D59-4946-801E-9AFC81A4FE35}.Release|iPhoneSimulator.Build.0 = Release|iPhoneSimulator
		{5EAE342A-6D59-4946-801E-9AFC81A4FE35}.Debug|iPhone.ActiveCfg = Debug|iPhone
		{5EAE342A-6D59-4946-801E-9AFC81A4FE35}.Debug|iPhone.Build.0 = Debug|iPhone
	EndGlobalSection
EndGlobal
